
Microsoft Visual Studio Solution File, Format Version 12.00
# Visual Studio Version 16
VisualStudioVersion = 16.0.29709.97
MinimumVisualStudioVersion = 10.0.40219.1
Project("{FAE04EC0-301F-11D3-BF4B-00C04F79EFBC}") = "ApiEmployees", "ApiEmployees\ApiEmployees.csproj", "{DE02D9A0-7BA0-41CF-B4ED-145E6A8AEC5B}"
EndProject
Global
	GlobalSection(SolutionConfigurationPlatforms) = preSolution
		Debug|Any CPU = Debug|Any CPU
		Release|Any CPU = Release|Any CPU
	EndGlobalSection
	GlobalSection(ProjectConfigurationPlatforms) = postSolution
		{DE02D9A0-7BA0-41CF-B4ED-145E6A8AEC5B}.Debug|Any CPU.ActiveCfg = Debug|Any CPU
		{DE02D9A0-7BA0-41CF-B4ED-145E6A8AEC5B}.Debug|Any CPU.Build.0 = Debug|Any CPU
		{DE02D9A0-7BA0-41CF-B4ED-145E6A8AEC5B}.Release|Any CPU.ActiveCfg = Release|Any CPU
		{DE02D9A0-7BA0-41CF-B4ED-145E6A8AEC5B}.Release|Any CPU.Build.0 = Release|Any CPU
	EndGlobalSection
	GlobalSection(SolutionProperties) = preSolution
		HideSolutionNode = FALSE
	EndGlobalSection
	GlobalSection(ExtensibilityGlobals) = postSolution
		SolutionGuid = {6B02170F-6689-4BF7-89F4-CA3627B0FC70}
	EndGlobalSection
EndGlobal
